{
  "version": "2",
  "remote": {
    "https://deno.land/x/deno_dom@v0.1.37/build/deno-wasm/deno-wasm.js": "98b1ad24a1c13284557917659402202e5c5258ab1431b3f3a82434ad36ffa05a",
    "https://deno.land/x/deno_dom@v0.1.37/deno-dom-wasm.ts": "bfd999a493a6974e9fca4d331bee03bfb68cfc600c662cd0b48b21d67a2a8ba0",
    "https://deno.land/x/deno_dom@v0.1.37/src/api.ts": "0ff5790f0a3eeecb4e00b7d8fbfa319b165962cf6d0182a65ba90f158d74f7d7",
    "https://deno.land/x/deno_dom@v0.1.37/src/constructor-lock.ts": "59714df7e0571ec7bd338903b1f396202771a6d4d7f55a452936bd0de9deb186",
    "https://deno.land/x/deno_dom@v0.1.37/src/deserialize.ts": "f4d34514ca00473ca428b69ad437ba345925744b5d791cb9552e2d7a0e7b0439",
    "https://deno.land/x/deno_dom@v0.1.37/src/dom/document-fragment.ts": "a40c6e18dd0efcf749a31552c1c9a6f7fa614452245e86ee38fc92ba0235e5ae",
    "https://deno.land/x/deno_dom@v0.1.37/src/dom/document.ts": "b8f4e4ccabaaa063d6562a0f2f8dea9c0419515d63d8bd79bfde95f7cd64bd93",
    "https://deno.land/x/deno_dom@v0.1.37/src/dom/dom-parser.ts": "609097b426f8c2358f3e5d2bca55ed026cf26cdf86562e94130dfdb0f2537f92",
    "https://deno.land/x/deno_dom@v0.1.37/src/dom/element.ts": "77c454e228dfeb5c570da5aa61d91850400116bfa0f5a85505acdd3c667171a4",
    "https://deno.land/x/deno_dom@v0.1.37/src/dom/elements/html-template-element.ts": "dab94e64ecf7c65f72d186be3f07d1f739fc6a2c0e442139a435af8aed47b646",
    "https://deno.land/x/deno_dom@v0.1.37/src/dom/html-collection.ts": "ae90197f5270c32074926ad6cf30ee07d274d44596c7e413c354880cebce8565",
    "https://deno.land/x/deno_dom@v0.1.37/src/dom/node-list.ts": "4c6e4b4585301d4147addaccd90cb5f5a80e8d6290a1ba7058c5e3dfea16e15d",
    "https://deno.land/x/deno_dom@v0.1.37/src/dom/node.ts": "3069e6fc93ac4111a136ed68199d76673339842b9751610ba06f111ba7dc10a7",
    "https://deno.land/x/deno_dom@v0.1.37/src/dom/selectors/custom-api.ts": "852696bd58e534bc41bd3be9e2250b60b67cd95fd28ed16b1deff1d548531a71",
    "https://deno.land/x/deno_dom@v0.1.37/src/dom/selectors/nwsapi-types.ts": "c43b36c36acc5d32caabaa54fda8c9d239b2b0fcbce9a28efb93c84aa1021698",
    "https://deno.land/x/deno_dom@v0.1.37/src/dom/selectors/nwsapi.js": "985d7d8fc1eabbb88946b47a1c44c1b2d4aa79ff23c21424219f1528fa27a2ff",
    "https://deno.land/x/deno_dom@v0.1.37/src/dom/selectors/selectors.ts": "83eab57be2290fb48e3130533448c93c6c61239f2a2f3b85f1917f80ca0fdc75",
    "https://deno.land/x/deno_dom@v0.1.37/src/dom/selectors/sizzle-types.ts": "78149e2502409989ce861ed636b813b059e16bc267bb543e7c2b26ef43e4798b",
    "https://deno.land/x/deno_dom@v0.1.37/src/dom/selectors/sizzle.js": "c3aed60c1045a106d8e546ac2f85cc82e65f62d9af2f8f515210b9212286682a",
    "https://deno.land/x/deno_dom@v0.1.37/src/dom/utils-types.ts": "96db30e3e4a75b194201bb9fa30988215da7f91b380fca6a5143e51ece2a8436",
    "https://deno.land/x/deno_dom@v0.1.37/src/dom/utils.ts": "2e816a54f243d2f7e2e3616d1551b43a46c34f67995a321490aa94e424bb7a20",
    "https://deno.land/x/deno_dom@v0.1.37/src/parser.ts": "b65eb7e673fa7ca611de871de109655f0aa9fa35ddc1de73df1a5fc2baafc332",
    "https://esm.sh/ky@0.32.2": "12c9aecc51c9e25436398eca3660ac015dc01f7152dd0394ba17d48d68a9dbe8",
    "https://esm.sh/v133/ky@0.32.2/deno/ky.mjs": "4d7eb0a4c08b8b5831c47f6427308c402fb3796cb0fc7c8a790aa48469784a12",
    "https://esm.sh/v133/ky@0.32.2/distribution/core/constants.d.ts": "9c23fb2acd5ed818c950c6802b22cafde46f1cd6217898ca4f0f726558576f48",
    "https://esm.sh/v133/ky@0.32.2/distribution/errors/HTTPError.d.ts": "bec5524c0d8addd2e4d678b14434976fad37b83bacffa3ae65d14afe71a76e83",
    "https://esm.sh/v133/ky@0.32.2/distribution/errors/TimeoutError.d.ts": "162f748e98203b829d8505f499c99ee0fc2200c11f3743d0e7124e7bf8ca253c",
    "https://esm.sh/v133/ky@0.32.2/distribution/index.d.ts": "33e8773cbec165d42ba5b39476f2293cd0506a345cd7c2f706ab4b9c452479b5",
    "https://esm.sh/v133/ky@0.32.2/distribution/types/ResponsePromise.d.ts": "b038f6f19c25ffb29ef3d8a89dc78fb69a03fdf7438e4b14e45ec5390b2039bc",
    "https://esm.sh/v133/ky@0.32.2/distribution/types/common.d.ts": "01aca8bf8316670af7fe1b36d031370d05598f9106aa9df224d293a11d76a90a",
    "https://esm.sh/v133/ky@0.32.2/distribution/types/hooks.d.ts": "05892691b1a3bfd60fa069a34a828fa1711338fba26f0ce9ddd600d708bd5ea0",
    "https://esm.sh/v133/ky@0.32.2/distribution/types/ky.d.ts": "e2d296326628fde655ead9f8dd32c87ecc32b84f11511e7b4b7c3a778ba63d5a",
    "https://esm.sh/v133/ky@0.32.2/distribution/types/options.d.ts": "0b6ea1c3f2d2773248d6c634a1a7db8080d92913a5ca1ed21ade24e3f3b05832",
    "https://esm.sh/v133/ky@0.32.2/distribution/types/response.d.ts": "fd7cdcf4a60ac72826774dddc27878b62ab87f74e574dfaa6a8818458f0f505d",
    "https://esm.sh/v133/ky@0.32.2/distribution/types/retry.d.ts": "989dea106b65de9cec5ea6fd0fbc64e2440b3b548349ff5a25b3e95b1271eeaf"
  }
}
